
Microsoft Visual Studio Solution File, Format Version 11.00
# Visual Studio 2010
Project("{FAE04EC0-301F-11D3-BF4B-00C04F79EFBC}") = "HelloJenkins", "HelloJenkins\HelloJenkins.csproj", "{A22CF68F-FFC5-470F-A499-67A12D1152D8}"
EndProject
Project("{2150E333-8FDC-42A3-9474-1A3956D46DE8}") = "Solution Items", "Solution Items", "{0FCD8238-5D92-4A3F-8836-31023F3E9606}"
	ProjectSection(SolutionItems) = preProject
		sonar-project.properties = sonar-project.properties
	EndProjectSection
EndProject
Global
	GlobalSection(SolutionConfigurationPlatforms) = preSolution
		Debug|x86 = Debug|x86
		Release|x86 = Release|x86
	EndGlobalSection
	GlobalSection(ProjectConfigurationPlatforms) = postSolution
		{A22CF68F-FFC5-470F-A499-67A12D1152D8}.Debug|x86.ActiveCfg = Debug|x86
		{A22CF68F-FFC5-470F-A499-67A12D1152D8}.Debug|x86.Build.0 = Debug|x86
		{A22CF68F-FFC5-470F-A499-67A12D1152D8}.Release|x86.ActiveCfg = Release|x86
		{A22CF68F-FFC5-470F-A499-67A12D1152D8}.Release|x86.Build.0 = Release|x86
	EndGlobalSection
	GlobalSection(SolutionProperties) = preSolution
		HideSolutionNode = FALSE
	EndGlobalSection
EndGlobal
